
Microsoft Visual Studio Solution File, Format Version 12.00
# Visual Studio 15
VisualStudioVersion = 15.0.28307.271
MinimumVisualStudioVersion = 10.0.40219.1
Project("{FAE04EC0-301F-11D3-BF4B-00C04F79EFBC}") = "Sq.Calculator.Core", "Sq.Calculator.Core\Sq.Calculator.Core.csproj", "{1D2A244D-7449-4CC4-B7ED-92594CF44ECF}"
EndProject
Global
	GlobalSection(SolutionConfigurationPlatforms) = preSolution
		Debug|Any CPU = Debug|Any CPU
		Release|Any CPU = Release|Any CPU
	EndGlobalSection
	GlobalSection(ProjectConfigurationPlatforms) = postSolution
		{1D2A244D-7449-4CC4-B7ED-92594CF44ECF}.Debug|Any CPU.ActiveCfg = Debug|Any CPU
		{1D2A244D-7449-4CC4-B7ED-92594CF44ECF}.Debug|Any CPU.Build.0 = Debug|Any CPU
		{1D2A244D-7449-4CC4-B7ED-92594CF44ECF}.Release|Any CPU.ActiveCfg = Release|Any CPU
		{1D2A244D-7449-4CC4-B7ED-92594CF44ECF}.Release|Any CPU.Build.0 = Release|Any CPU
	EndGlobalSection
	GlobalSection(SolutionProperties) = preSolution
		HideSolutionNode = FALSE
	EndGlobalSection
	GlobalSection(ExtensibilityGlobals) = postSolution
		SolutionGuid = {FEAAAD6A-3814-4665-B178-3D27364D9372}
	EndGlobalSection
EndGlobal
